
Microsoft Visual Studio Solution File, Format Version 12.00
# Visual Studio 15
VisualStudioVersion = 15.0.26730.16
MinimumVisualStudioVersion = 10.0.40219.1
Project("{FAE04EC0-301F-11D3-BF4B-00C04F79EFBC}") = "Aims.IISAgent", "Aims.IISAgent\Aims.IISAgent.csproj", "{9FFF71F9-012B-48E0-827F-A8E58569E821}"
EndProject
Project("{FAE04EC0-301F-11D3-BF4B-00C04F79EFBC}") = "Aims.IISAgent.Module", "Aims.IISAgent.Module\Aims.IISAgent.Module.csproj", "{F73F2F83-15E6-454E-A9D8-9DD4B6C2C9EF}"
EndProject
Project("{FAE04EC0-301F-11D3-BF4B-00C04F79EFBC}") = "Aims.Sdk", "Aims.Sdk\Aims.Sdk.csproj", "{5170FBD5-E775-47CD-A1B7-0BE61B73EFEB}"
EndProject
Global
	GlobalSection(SolutionConfigurationPlatforms) = preSolution
		Debug|Any CPU = Debug|Any CPU
		Release|Any CPU = Release|Any CPU
	EndGlobalSection
	GlobalSection(ProjectConfigurationPlatforms) = postSolution
		{9FFF71F9-012B-48E0-827F-A8E58569E821}.Debug|Any CPU.ActiveCfg = Debug|Any CPU
		{9FFF71F9-012B-48E0-827F-A8E58569E821}.Debug|Any CPU.Build.0 = Debug|Any CPU
		{9FFF71F9-012B-48E0-827F-A8E58569E821}.Release|Any CPU.ActiveCfg = Release|Any CPU
		{9FFF71F9-012B-48E0-827F-A8E58569E821}.Release|Any CPU.Build.0 = Release|Any CPU
		{F73F2F83-15E6-454E-A9D8-9DD4B6C2C9EF}.Debug|Any CPU.ActiveCfg = Debug|Any CPU
		{F73F2F83-15E6-454E-A9D8-9DD4B6C2C9EF}.Debug|Any CPU.Build.0 = Debug|Any CPU
		{F73F2F83-15E6-454E-A9D8-9DD4B6C2C9EF}.Release|Any CPU.ActiveCfg = Release|Any CPU
		{F73F2F83-15E6-454E-A9D8-9DD4B6C2C9EF}.Release|Any CPU.Build.0 = Release|Any CPU
		{5170FBD5-E775-47CD-A1B7-0BE61B73EFEB}.Debug|Any CPU.ActiveCfg = Debug|Any CPU
		{5170FBD5-E775-47CD-A1B7-0BE61B73EFEB}.Debug|Any CPU.Build.0 = Debug|Any CPU
		{5170FBD5-E775-47CD-A1B7-0BE61B73EFEB}.Release|Any CPU.ActiveCfg = Release|Any CPU
		{5170FBD5-E775-47CD-A1B7-0BE61B73EFEB}.Release|Any CPU.Build.0 = Release|Any CPU
	EndGlobalSection
	GlobalSection(SolutionProperties) = preSolution
		HideSolutionNode = FALSE
	EndGlobalSection
	GlobalSection(ExtensibilityGlobals) = postSolution
		SolutionGuid = {09D5000E-35F2-4942-8617-13A6286BC8D2}
	EndGlobalSection
EndGlobal
