
Microsoft Visual Studio Solution File, Format Version 12.00
# Visual Studio 15
VisualStudioVersion = 15.0.26430.15
MinimumVisualStudioVersion = 10.0.40219.1
Project("{FAE04EC0-301F-11D3-BF4B-00C04F79EFBC}") = "Aims.IISAgent", "Aims.IISAgent\Aims.IISAgent.csproj", "{9FFF71F9-012B-48E0-827F-A8E58569E821}"
EndProject
Project("{930C7802-8A8C-48F9-8165-68863BCCD9DD}") = "Aims.Sdk.Installer", "Aims.Sdk.Installer\Aims.Sdk.Installer.wixproj", "{C213D3CF-238D-4904-A497-65AFD03AC731}"
	ProjectSection(ProjectDependencies) = postProject
		{F73F2F83-15E6-454E-A9D8-9DD4B6C2C9EF} = {F73F2F83-15E6-454E-A9D8-9DD4B6C2C9EF}
		{9FFF71F9-012B-48E0-827F-A8E58569E821} = {9FFF71F9-012B-48E0-827F-A8E58569E821}
	EndProjectSection
EndProject
Project("{FAE04EC0-301F-11D3-BF4B-00C04F79EFBC}") = "Aims.Sdk.Installer.Actions", "Aims.Sdk.Installer.Action\Aims.Sdk.Installer.Actions.csproj", "{53FEAC91-1831-4349-AE95-543724E467B6}"
EndProject
Project("{2150E333-8FDC-42A3-9474-1A3956D46DE8}") = ".nuget", ".nuget", "{B6D3B813-A794-4902-9950-87A975064844}"
	ProjectSection(SolutionItems) = preProject
		.nuget\NuGet.Config = .nuget\NuGet.Config
		.nuget\NuGet.exe = .nuget\NuGet.exe
		.nuget\NuGet.targets = .nuget\NuGet.targets
	EndProjectSection
EndProject
Project("{FAE04EC0-301F-11D3-BF4B-00C04F79EFBC}") = "Aims.IISAgent.Module", "Aims.IISAgent.Module\Aims.IISAgent.Module.csproj", "{F73F2F83-15E6-454E-A9D8-9DD4B6C2C9EF}"
EndProject
Global
	GlobalSection(SolutionConfigurationPlatforms) = preSolution
		Debug|Any CPU = Debug|Any CPU
		Debug|ARM = Debug|ARM
		Debug|x64 = Debug|x64
		Debug|x86 = Debug|x86
		Release Test|Any CPU = Release Test|Any CPU
		Release Test|ARM = Release Test|ARM
		Release Test|x64 = Release Test|x64
		Release Test|x86 = Release Test|x86
		Release|Any CPU = Release|Any CPU
		Release|ARM = Release|ARM
		Release|x64 = Release|x64
		Release|x86 = Release|x86
		ReleaseUs|Any CPU = ReleaseUs|Any CPU
		ReleaseUs|ARM = ReleaseUs|ARM
		ReleaseUs|x64 = ReleaseUs|x64
		ReleaseUs|x86 = ReleaseUs|x86
	EndGlobalSection
	GlobalSection(ProjectConfigurationPlatforms) = postSolution
		{9FFF71F9-012B-48E0-827F-A8E58569E821}.Debug|Any CPU.ActiveCfg = Debug|Any CPU
		{9FFF71F9-012B-48E0-827F-A8E58569E821}.Debug|Any CPU.Build.0 = Debug|Any CPU
		{9FFF71F9-012B-48E0-827F-A8E58569E821}.Debug|ARM.ActiveCfg = Debug|Any CPU
		{9FFF71F9-012B-48E0-827F-A8E58569E821}.Debug|ARM.Build.0 = Debug|Any CPU
		{9FFF71F9-012B-48E0-827F-A8E58569E821}.Debug|x64.ActiveCfg = Debug|Any CPU
		{9FFF71F9-012B-48E0-827F-A8E58569E821}.Debug|x64.Build.0 = Debug|Any CPU
		{9FFF71F9-012B-48E0-827F-A8E58569E821}.Debug|x86.ActiveCfg = Debug|Any CPU
		{9FFF71F9-012B-48E0-827F-A8E58569E821}.Debug|x86.Build.0 = Debug|Any CPU
		{9FFF71F9-012B-48E0-827F-A8E58569E821}.Release Test|Any CPU.ActiveCfg = Release|Any CPU
		{9FFF71F9-012B-48E0-827F-A8E58569E821}.Release Test|Any CPU.Build.0 = Release|Any CPU
		{9FFF71F9-012B-48E0-827F-A8E58569E821}.Release Test|ARM.ActiveCfg = Release|Any CPU
		{9FFF71F9-012B-48E0-827F-A8E58569E821}.Release Test|ARM.Build.0 = Release|Any CPU
		{9FFF71F9-012B-48E0-827F-A8E58569E821}.Release Test|x64.ActiveCfg = Release|Any CPU
		{9FFF71F9-012B-48E0-827F-A8E58569E821}.Release Test|x64.Build.0 = Release|Any CPU
		{9FFF71F9-012B-48E0-827F-A8E58569E821}.Release Test|x86.ActiveCfg = Release|Any CPU
		{9FFF71F9-012B-48E0-827F-A8E58569E821}.Release Test|x86.Build.0 = Release|Any CPU
		{9FFF71F9-012B-48E0-827F-A8E58569E821}.Release|Any CPU.ActiveCfg = Release|Any CPU
		{9FFF71F9-012B-48E0-827F-A8E58569E821}.Release|Any CPU.Build.0 = Release|Any CPU
		{9FFF71F9-012B-48E0-827F-A8E58569E821}.Release|ARM.ActiveCfg = Release|Any CPU
		{9FFF71F9-012B-48E0-827F-A8E58569E821}.Release|ARM.Build.0 = Release|Any CPU
		{9FFF71F9-012B-48E0-827F-A8E58569E821}.Release|x64.ActiveCfg = Release|Any CPU
		{9FFF71F9-012B-48E0-827F-A8E58569E821}.Release|x64.Build.0 = Release|Any CPU
		{9FFF71F9-012B-48E0-827F-A8E58569E821}.Release|x86.ActiveCfg = Release|Any CPU
		{9FFF71F9-012B-48E0-827F-A8E58569E821}.Release|x86.Build.0 = Release|Any CPU
		{9FFF71F9-012B-48E0-827F-A8E58569E821}.ReleaseUs|Any CPU.ActiveCfg = Release|Any CPU
		{9FFF71F9-012B-48E0-827F-A8E58569E821}.ReleaseUs|Any CPU.Build.0 = Release|Any CPU
		{9FFF71F9-012B-48E0-827F-A8E58569E821}.ReleaseUs|ARM.ActiveCfg = Release|Any CPU
		{9FFF71F9-012B-48E0-827F-A8E58569E821}.ReleaseUs|ARM.Build.0 = Release|Any CPU
		{9FFF71F9-012B-48E0-827F-A8E58569E821}.ReleaseUs|x64.ActiveCfg = Release|Any CPU
		{9FFF71F9-012B-48E0-827F-A8E58569E821}.ReleaseUs|x64.Build.0 = Release|Any CPU
		{9FFF71F9-012B-48E0-827F-A8E58569E821}.ReleaseUs|x86.ActiveCfg = Release|Any CPU
		{9FFF71F9-012B-48E0-827F-A8E58569E821}.ReleaseUs|x86.Build.0 = Release|Any CPU
		{C213D3CF-238D-4904-A497-65AFD03AC731}.Debug|Any CPU.ActiveCfg = Debug|x86
		{C213D3CF-238D-4904-A497-65AFD03AC731}.Debug|Any CPU.Build.0 = Debug|x86
		{C213D3CF-238D-4904-A497-65AFD03AC731}.Debug|ARM.ActiveCfg = Debug|x86
		{C213D3CF-238D-4904-A497-65AFD03AC731}.Debug|x64.ActiveCfg = Debug|x86
		{C213D3CF-238D-4904-A497-65AFD03AC731}.Debug|x86.ActiveCfg = Debug|x86
		{C213D3CF-238D-4904-A497-65AFD03AC731}.Debug|x86.Build.0 = Debug|x86
		{C213D3CF-238D-4904-A497-65AFD03AC731}.Release Test|Any CPU.ActiveCfg = Release Test|x86
		{C213D3CF-238D-4904-A497-65AFD03AC731}.Release Test|Any CPU.Build.0 = Release Test|x86
		{C213D3CF-238D-4904-A497-65AFD03AC731}.Release Test|ARM.ActiveCfg = Release|x86
		{C213D3CF-238D-4904-A497-65AFD03AC731}.Release Test|ARM.Build.0 = Release|x86
		{C213D3CF-238D-4904-A497-65AFD03AC731}.Release Test|x64.ActiveCfg = Release|x86
		{C213D3CF-238D-4904-A497-65AFD03AC731}.Release Test|x64.Build.0 = Release|x86
		{C213D3CF-238D-4904-A497-65AFD03AC731}.Release Test|x86.ActiveCfg = Release|x86
		{C213D3CF-238D-4904-A497-65AFD03AC731}.Release Test|x86.Build.0 = Release|x86
		{C213D3CF-238D-4904-A497-65AFD03AC731}.Release|Any CPU.ActiveCfg = Release|x86
		{C213D3CF-238D-4904-A497-65AFD03AC731}.Release|Any CPU.Build.0 = Release|x86
		{C213D3CF-238D-4904-A497-65AFD03AC731}.Release|ARM.ActiveCfg = Release|x86
		{C213D3CF-238D-4904-A497-65AFD03AC731}.Release|x64.ActiveCfg = Release|x86
		{C213D3CF-238D-4904-A497-65AFD03AC731}.Release|x86.ActiveCfg = Release|x86
		{C213D3CF-238D-4904-A497-65AFD03AC731}.Release|x86.Build.0 = Release|x86
		{C213D3CF-238D-4904-A497-65AFD03AC731}.ReleaseUs|Any CPU.ActiveCfg = ReleaseUs|x86
		{C213D3CF-238D-4904-A497-65AFD03AC731}.ReleaseUs|Any CPU.Build.0 = ReleaseUs|x86
		{C213D3CF-238D-4904-A497-65AFD03AC731}.ReleaseUs|ARM.ActiveCfg = Release|x86
		{C213D3CF-238D-4904-A497-65AFD03AC731}.ReleaseUs|ARM.Build.0 = Release|x86
		{C213D3CF-238D-4904-A497-65AFD03AC731}.ReleaseUs|x64.ActiveCfg = Release|x86
		{C213D3CF-238D-4904-A497-65AFD03AC731}.ReleaseUs|x64.Build.0 = Release|x86
		{C213D3CF-238D-4904-A497-65AFD03AC731}.ReleaseUs|x86.ActiveCfg = Release|x86
		{C213D3CF-238D-4904-A497-65AFD03AC731}.ReleaseUs|x86.Build.0 = Release|x86
		{53FEAC91-1831-4349-AE95-543724E467B6}.Debug|Any CPU.ActiveCfg = Debug|x86
		{53FEAC91-1831-4349-AE95-543724E467B6}.Debug|Any CPU.Build.0 = Debug|x86
		{53FEAC91-1831-4349-AE95-543724E467B6}.Debug|ARM.ActiveCfg = Debug|x86
		{53FEAC91-1831-4349-AE95-543724E467B6}.Debug|x64.ActiveCfg = Debug|x86
		{53FEAC91-1831-4349-AE95-543724E467B6}.Debug|x86.ActiveCfg = Debug|x86
		{53FEAC91-1831-4349-AE95-543724E467B6}.Debug|x86.Build.0 = Debug|x86
		{53FEAC91-1831-4349-AE95-543724E467B6}.Release Test|Any CPU.ActiveCfg = Release|x86
		{53FEAC91-1831-4349-AE95-543724E467B6}.Release Test|Any CPU.Build.0 = Release|x86
		{53FEAC91-1831-4349-AE95-543724E467B6}.Release Test|ARM.ActiveCfg = Release|x86
		{53FEAC91-1831-4349-AE95-543724E467B6}.Release Test|ARM.Build.0 = Release|x86
		{53FEAC91-1831-4349-AE95-543724E467B6}.Release Test|x64.ActiveCfg = Release|x86
		{53FEAC91-1831-4349-AE95-543724E467B6}.Release Test|x64.Build.0 = Release|x86
		{53FEAC91-1831-4349-AE95-543724E467B6}.Release Test|x86.ActiveCfg = Release|x86
		{53FEAC91-1831-4349-AE95-543724E467B6}.Release Test|x86.Build.0 = Release|x86
		{53FEAC91-1831-4349-AE95-543724E467B6}.Release|Any CPU.ActiveCfg = Release|x86
		{53FEAC91-1831-4349-AE95-543724E467B6}.Release|Any CPU.Build.0 = Release|x86
		{53FEAC91-1831-4349-AE95-543724E467B6}.Release|ARM.ActiveCfg = Release|x86
		{53FEAC91-1831-4349-AE95-543724E467B6}.Release|x64.ActiveCfg = Release|x86
		{53FEAC91-1831-4349-AE95-543724E467B6}.Release|x86.ActiveCfg = Release|x86
		{53FEAC91-1831-4349-AE95-543724E467B6}.Release|x86.Build.0 = Release|x86
		{53FEAC91-1831-4349-AE95-543724E467B6}.ReleaseUs|Any CPU.ActiveCfg = Release|x86
		{53FEAC91-1831-4349-AE95-543724E467B6}.ReleaseUs|Any CPU.Build.0 = Release|x86
		{53FEAC91-1831-4349-AE95-543724E467B6}.ReleaseUs|ARM.ActiveCfg = Release|x86
		{53FEAC91-1831-4349-AE95-543724E467B6}.ReleaseUs|ARM.Build.0 = Release|x86
		{53FEAC91-1831-4349-AE95-543724E467B6}.ReleaseUs|x64.ActiveCfg = Release|x86
		{53FEAC91-1831-4349-AE95-543724E467B6}.ReleaseUs|x64.Build.0 = Release|x86
		{53FEAC91-1831-4349-AE95-543724E467B6}.ReleaseUs|x86.ActiveCfg = Release|x86
		{53FEAC91-1831-4349-AE95-543724E467B6}.ReleaseUs|x86.Build.0 = Release|x86
		{F73F2F83-15E6-454E-A9D8-9DD4B6C2C9EF}.Debug|Any CPU.ActiveCfg = Debug|Any CPU
		{F73F2F83-15E6-454E-A9D8-9DD4B6C2C9EF}.Debug|Any CPU.Build.0 = Debug|Any CPU
		{F73F2F83-15E6-454E-A9D8-9DD4B6C2C9EF}.Debug|ARM.ActiveCfg = Debug|Any CPU
		{F73F2F83-15E6-454E-A9D8-9DD4B6C2C9EF}.Debug|ARM.Build.0 = Debug|Any CPU
		{F73F2F83-15E6-454E-A9D8-9DD4B6C2C9EF}.Debug|x64.ActiveCfg = Debug|Any CPU
		{F73F2F83-15E6-454E-A9D8-9DD4B6C2C9EF}.Debug|x64.Build.0 = Debug|Any CPU
		{F73F2F83-15E6-454E-A9D8-9DD4B6C2C9EF}.Debug|x86.ActiveCfg = Debug|Any CPU
		{F73F2F83-15E6-454E-A9D8-9DD4B6C2C9EF}.Debug|x86.Build.0 = Debug|Any CPU
		{F73F2F83-15E6-454E-A9D8-9DD4B6C2C9EF}.Release Test|Any CPU.ActiveCfg = Release|Any CPU
		{F73F2F83-15E6-454E-A9D8-9DD4B6C2C9EF}.Release Test|Any CPU.Build.0 = Release|Any CPU
		{F73F2F83-15E6-454E-A9D8-9DD4B6C2C9EF}.Release Test|ARM.ActiveCfg = Release|Any CPU
		{F73F2F83-15E6-454E-A9D8-9DD4B6C2C9EF}.Release Test|ARM.Build.0 = Release|Any CPU
		{F73F2F83-15E6-454E-A9D8-9DD4B6C2C9EF}.Release Test|x64.ActiveCfg = Release|Any CPU
		{F73F2F83-15E6-454E-A9D8-9DD4B6C2C9EF}.Release Test|x64.Build.0 = Release|Any CPU
		{F73F2F83-15E6-454E-A9D8-9DD4B6C2C9EF}.Release Test|x86.ActiveCfg = Release|Any CPU
		{F73F2F83-15E6-454E-A9D8-9DD4B6C2C9EF}.Release Test|x86.Build.0 = Release|Any CPU
		{F73F2F83-15E6-454E-A9D8-9DD4B6C2C9EF}.Release|Any CPU.ActiveCfg = Release|Any CPU
		{F73F2F83-15E6-454E-A9D8-9DD4B6C2C9EF}.Release|Any CPU.Build.0 = Release|Any CPU
		{F73F2F83-15E6-454E-A9D8-9DD4B6C2C9EF}.Release|ARM.ActiveCfg = Release|Any CPU
		{F73F2F83-15E6-454E-A9D8-9DD4B6C2C9EF}.Release|ARM.Build.0 = Release|Any CPU
		{F73F2F83-15E6-454E-A9D8-9DD4B6C2C9EF}.Release|x64.ActiveCfg = Release|Any CPU
		{F73F2F83-15E6-454E-A9D8-9DD4B6C2C9EF}.Release|x64.Build.0 = Release|Any CPU
		{F73F2F83-15E6-454E-A9D8-9DD4B6C2C9EF}.Release|x86.ActiveCfg = Release|Any CPU
		{F73F2F83-15E6-454E-A9D8-9DD4B6C2C9EF}.Release|x86.Build.0 = Release|Any CPU
		{F73F2F83-15E6-454E-A9D8-9DD4B6C2C9EF}.ReleaseUs|Any CPU.ActiveCfg = Release|Any CPU
		{F73F2F83-15E6-454E-A9D8-9DD4B6C2C9EF}.ReleaseUs|Any CPU.Build.0 = Release|Any CPU
		{F73F2F83-15E6-454E-A9D8-9DD4B6C2C9EF}.ReleaseUs|ARM.ActiveCfg = Release|Any CPU
		{F73F2F83-15E6-454E-A9D8-9DD4B6C2C9EF}.ReleaseUs|ARM.Build.0 = Release|Any CPU
		{F73F2F83-15E6-454E-A9D8-9DD4B6C2C9EF}.ReleaseUs|x64.ActiveCfg = Release|Any CPU
		{F73F2F83-15E6-454E-A9D8-9DD4B6C2C9EF}.ReleaseUs|x64.Build.0 = Release|Any CPU
		{F73F2F83-15E6-454E-A9D8-9DD4B6C2C9EF}.ReleaseUs|x86.ActiveCfg = Release|Any CPU
		{F73F2F83-15E6-454E-A9D8-9DD4B6C2C9EF}.ReleaseUs|x86.Build.0 = Release|Any CPU
	EndGlobalSection
	GlobalSection(SolutionProperties) = preSolution
		HideSolutionNode = FALSE
	EndGlobalSection
	GlobalSection(ExtensibilityGlobals) = postSolution
		SolutionGuid = {5C3F2169-666C-4917-BE30-3C0B5768FE27}
	EndGlobalSection
	GlobalSection(TestCaseManagementSettings) = postSolution
		CategoryFile = AimsForBiztalk.vsmdi
	EndGlobalSection
EndGlobal
